
Microsoft Visual Studio Solution File, Format Version 12.00
# Visual Studio Version 16
VisualStudioVersion = 16.0.29424.173
MinimumVisualStudioVersion = 10.0.40219.1
Project("{9A19103F-16F7-4668-BE54-9A1E7A4F7556}") = "AdventOfCode.SaveSanta", "src\Console\AdventOfCode.SaveSanta.csproj", "{DC818AB5-D9A9-4B9B-9443-90C304C01BEC}"
EndProject
Project("{9A19103F-16F7-4668-BE54-9A1E7A4F7556}") = "AdventOfCode.Day1", "src\AdventCodeDay1\AdventOfCode.Day1.csproj", "{4E3E5237-736C-4841-9288-A35403F7D24D}"
EndProject
Project("{9A19103F-16F7-4668-BE54-9A1E7A4F7556}") = "AdventOfCode.Tests", "tests\AdventOfCode.Tests\AdventOfCode.Tests.csproj", "{E781CCB1-6763-4566-93B4-B099F056B8C3}"
EndProject
Project("{9A19103F-16F7-4668-BE54-9A1E7A4F7556}") = "AdventOfCode.Day2", "src\AdventOfCode.Day2\AdventOfCode.Day2.csproj", "{F5161E54-7871-4ADD-9B90-8116311F1E96}"
EndProject
Project("{9A19103F-16F7-4668-BE54-9A1E7A4F7556}") = "AdventOfCode.Data.Provider", "src\AdventOfCode.Data.Provider\AdventOfCode.Data.Provider.csproj", "{0E80D78A-42B6-4A1B-9885-0F14901F2163}"
EndProject
Project("{9A19103F-16F7-4668-BE54-9A1E7A4F7556}") = "AdventOfCode.Day3", "src\AdventOfCode.Day3\AdventOfCode.Day3.csproj", "{6731B797-68CB-410B-AEB4-62298A8F1DE7}"
EndProject
Project("{9A19103F-16F7-4668-BE54-9A1E7A4F7556}") = "AdventOfCode.Day4", "src\AdventOfCode.Day4\AdventOfCode.Day4.csproj", "{83D47055-86C3-4269-BF26-C57809FD63A8}"
EndProject
Project("{9A19103F-16F7-4668-BE54-9A1E7A4F7556}") = "AdventOfCode.Day5", "src\AdventOfCode.Day5\AdventOfCode.Day5.csproj", "{8FEC7B47-021F-4116-B82C-927A025515F9}"
EndProject
Project("{9A19103F-16F7-4668-BE54-9A1E7A4F7556}") = "AdventOfCode.IntCodeComputer", "src\AdventOfCode.IntCodeComputer\AdventOfCode.IntCodeComputer.csproj", "{9C0BB42B-F3E6-46A9-AC5A-2147AAD5D0E7}"
EndProject
Project("{9A19103F-16F7-4668-BE54-9A1E7A4F7556}") = "AdventOfCode.Day6", "src\AdventOfCode.Day6\AdventOfCode.Day6.csproj", "{42AF04F5-CCB2-4BD4-B85F-145462E9A3AE}"
EndProject
Project("{9A19103F-16F7-4668-BE54-9A1E7A4F7556}") = "AdventOfCode.Day7", "src\AdventOfCode.Day7\AdventOfCode.Day7.csproj", "{60F8DDA1-242B-4022-8023-63F8386DEA87}"
EndProject
Project("{2150E333-8FDC-42A3-9474-1A3956D46DE8}") = "Challenges", "Challenges", "{7548D6CC-42F9-4769-B69C-D1D463EA0296}"
EndProject
Project("{2150E333-8FDC-42A3-9474-1A3956D46DE8}") = "Tests", "Tests", "{F673B8F9-A3B7-476C-9089-1060EE5A2483}"
EndProject
Project("{FAE04EC0-301F-11D3-BF4B-00C04F79EFBC}") = "AdventOfCode.OrbitalNavigation", "src\AdventOfCode.Navigation\AdventOfCode.OrbitalNavigation.csproj", "{17A9E769-7096-4ACD-A8F7-8086A6271920}"
EndProject
Project("{FAE04EC0-301F-11D3-BF4B-00C04F79EFBC}") = "AdventOfCode.OrbitalNavigation.Tests", "tests\AdventOfCode.OrbitalNavigation.Tests\AdventOfCode.OrbitalNavigation.Tests.csproj", "{C4DE4E9D-874B-4828-B9BD-6086B1A1140C}"
EndProject
Global
	GlobalSection(SolutionConfigurationPlatforms) = preSolution
		Debug|Any CPU = Debug|Any CPU
		Release|Any CPU = Release|Any CPU
	EndGlobalSection
	GlobalSection(ProjectConfigurationPlatforms) = postSolution
		{DC818AB5-D9A9-4B9B-9443-90C304C01BEC}.Debug|Any CPU.ActiveCfg = Debug|Any CPU
		{DC818AB5-D9A9-4B9B-9443-90C304C01BEC}.Debug|Any CPU.Build.0 = Debug|Any CPU
		{DC818AB5-D9A9-4B9B-9443-90C304C01BEC}.Release|Any CPU.ActiveCfg = Release|Any CPU
		{DC818AB5-D9A9-4B9B-9443-90C304C01BEC}.Release|Any CPU.Build.0 = Release|Any CPU
		{4E3E5237-736C-4841-9288-A35403F7D24D}.Debug|Any CPU.ActiveCfg = Debug|Any CPU
		{4E3E5237-736C-4841-9288-A35403F7D24D}.Debug|Any CPU.Build.0 = Debug|Any CPU
		{4E3E5237-736C-4841-9288-A35403F7D24D}.Release|Any CPU.ActiveCfg = Release|Any CPU
		{4E3E5237-736C-4841-9288-A35403F7D24D}.Release|Any CPU.Build.0 = Release|Any CPU
		{E781CCB1-6763-4566-93B4-B099F056B8C3}.Debug|Any CPU.ActiveCfg = Debug|Any CPU
		{E781CCB1-6763-4566-93B4-B099F056B8C3}.Debug|Any CPU.Build.0 = Debug|Any CPU
		{E781CCB1-6763-4566-93B4-B099F056B8C3}.Release|Any CPU.ActiveCfg = Release|Any CPU
		{E781CCB1-6763-4566-93B4-B099F056B8C3}.Release|Any CPU.Build.0 = Release|Any CPU
		{F5161E54-7871-4ADD-9B90-8116311F1E96}.Debug|Any CPU.ActiveCfg = Debug|Any CPU
		{F5161E54-7871-4ADD-9B90-8116311F1E96}.Debug|Any CPU.Build.0 = Debug|Any CPU
		{F5161E54-7871-4ADD-9B90-8116311F1E96}.Release|Any CPU.ActiveCfg = Release|Any CPU
		{F5161E54-7871-4ADD-9B90-8116311F1E96}.Release|Any CPU.Build.0 = Release|Any CPU
		{0E80D78A-42B6-4A1B-9885-0F14901F2163}.Debug|Any CPU.ActiveCfg = Debug|Any CPU
		{0E80D78A-42B6-4A1B-9885-0F14901F2163}.Debug|Any CPU.Build.0 = Debug|Any CPU
		{0E80D78A-42B6-4A1B-9885-0F14901F2163}.Release|Any CPU.ActiveCfg = Release|Any CPU
		{0E80D78A-42B6-4A1B-9885-0F14901F2163}.Release|Any CPU.Build.0 = Release|Any CPU
		{6731B797-68CB-410B-AEB4-62298A8F1DE7}.Debug|Any CPU.ActiveCfg = Debug|Any CPU
		{6731B797-68CB-410B-AEB4-62298A8F1DE7}.Debug|Any CPU.Build.0 = Debug|Any CPU
		{6731B797-68CB-410B-AEB4-62298A8F1DE7}.Release|Any CPU.ActiveCfg = Release|Any CPU
		{6731B797-68CB-410B-AEB4-62298A8F1DE7}.Release|Any CPU.Build.0 = Release|Any CPU
		{83D47055-86C3-4269-BF26-C57809FD63A8}.Debug|Any CPU.ActiveCfg = Debug|Any CPU
		{83D47055-86C3-4269-BF26-C57809FD63A8}.Debug|Any CPU.Build.0 = Debug|Any CPU
		{83D47055-86C3-4269-BF26-C57809FD63A8}.Release|Any CPU.ActiveCfg = Release|Any CPU
		{83D47055-86C3-4269-BF26-C57809FD63A8}.Release|Any CPU.Build.0 = Release|Any CPU
		{8FEC7B47-021F-4116-B82C-927A025515F9}.Debug|Any CPU.ActiveCfg = Debug|Any CPU
		{8FEC7B47-021F-4116-B82C-927A025515F9}.Debug|Any CPU.Build.0 = Debug|Any CPU
		{8FEC7B47-021F-4116-B82C-927A025515F9}.Release|Any CPU.ActiveCfg = Release|Any CPU
		{8FEC7B47-021F-4116-B82C-927A025515F9}.Release|Any CPU.Build.0 = Release|Any CPU
		{9C0BB42B-F3E6-46A9-AC5A-2147AAD5D0E7}.Debug|Any CPU.ActiveCfg = Debug|Any CPU
		{9C0BB42B-F3E6-46A9-AC5A-2147AAD5D0E7}.Debug|Any CPU.Build.0 = Debug|Any CPU
		{9C0BB42B-F3E6-46A9-AC5A-2147AAD5D0E7}.Release|Any CPU.ActiveCfg = Release|Any CPU
		{9C0BB42B-F3E6-46A9-AC5A-2147AAD5D0E7}.Release|Any CPU.Build.0 = Release|Any CPU
		{42AF04F5-CCB2-4BD4-B85F-145462E9A3AE}.Debug|Any CPU.ActiveCfg = Debug|Any CPU
		{42AF04F5-CCB2-4BD4-B85F-145462E9A3AE}.Debug|Any CPU.Build.0 = Debug|Any CPU
		{42AF04F5-CCB2-4BD4-B85F-145462E9A3AE}.Release|Any CPU.ActiveCfg = Release|Any CPU
		{42AF04F5-CCB2-4BD4-B85F-145462E9A3AE}.Release|Any CPU.Build.0 = Release|Any CPU
		{60F8DDA1-242B-4022-8023-63F8386DEA87}.Debug|Any CPU.ActiveCfg = Debug|Any CPU
		{60F8DDA1-242B-4022-8023-63F8386DEA87}.Debug|Any CPU.Build.0 = Debug|Any CPU
		{60F8DDA1-242B-4022-8023-63F8386DEA87}.Release|Any CPU.ActiveCfg = Release|Any CPU
		{60F8DDA1-242B-4022-8023-63F8386DEA87}.Release|Any CPU.Build.0 = Release|Any CPU
		{17A9E769-7096-4ACD-A8F7-8086A6271920}.Debug|Any CPU.ActiveCfg = Debug|Any CPU
		{17A9E769-7096-4ACD-A8F7-8086A6271920}.Debug|Any CPU.Build.0 = Debug|Any CPU
		{17A9E769-7096-4ACD-A8F7-8086A6271920}.Release|Any CPU.ActiveCfg = Release|Any CPU
		{17A9E769-7096-4ACD-A8F7-8086A6271920}.Release|Any CPU.Build.0 = Release|Any CPU
		{C4DE4E9D-874B-4828-B9BD-6086B1A1140C}.Debug|Any CPU.ActiveCfg = Debug|Any CPU
		{C4DE4E9D-874B-4828-B9BD-6086B1A1140C}.Debug|Any CPU.Build.0 = Debug|Any CPU
		{C4DE4E9D-874B-4828-B9BD-6086B1A1140C}.Release|Any CPU.ActiveCfg = Release|Any CPU
		{C4DE4E9D-874B-4828-B9BD-6086B1A1140C}.Release|Any CPU.Build.0 = Release|Any CPU
	EndGlobalSection
	GlobalSection(SolutionProperties) = preSolution
		HideSolutionNode = FALSE
	EndGlobalSection
	GlobalSection(NestedProjects) = preSolution
		{4E3E5237-736C-4841-9288-A35403F7D24D} = {7548D6CC-42F9-4769-B69C-D1D463EA0296}
		{E781CCB1-6763-4566-93B4-B099F056B8C3} = {F673B8F9-A3B7-476C-9089-1060EE5A2483}
		{F5161E54-7871-4ADD-9B90-8116311F1E96} = {7548D6CC-42F9-4769-B69C-D1D463EA0296}
		{6731B797-68CB-410B-AEB4-62298A8F1DE7} = {7548D6CC-42F9-4769-B69C-D1D463EA0296}
		{83D47055-86C3-4269-BF26-C57809FD63A8} = {7548D6CC-42F9-4769-B69C-D1D463EA0296}
		{8FEC7B47-021F-4116-B82C-927A025515F9} = {7548D6CC-42F9-4769-B69C-D1D463EA0296}
		{42AF04F5-CCB2-4BD4-B85F-145462E9A3AE} = {7548D6CC-42F9-4769-B69C-D1D463EA0296}
		{60F8DDA1-242B-4022-8023-63F8386DEA87} = {7548D6CC-42F9-4769-B69C-D1D463EA0296}
		{C4DE4E9D-874B-4828-B9BD-6086B1A1140C} = {F673B8F9-A3B7-476C-9089-1060EE5A2483}
	EndGlobalSection
	GlobalSection(ExtensibilityGlobals) = postSolution
		SolutionGuid = {D2DC7E1C-60D0-44AA-9915-12CE153E58A7}
	EndGlobalSection
EndGlobal
