
Microsoft Visual Studio Solution File, Format Version 12.00
# Visual Studio Version 16
VisualStudioVersion = 16.0.29424.173
MinimumVisualStudioVersion = 10.0.40219.1
Project("{9A19103F-16F7-4668-BE54-9A1E7A4F7556}") = "AdventOfCode.SaveSanta", "src\Console\AdventOfCode.SaveSanta.csproj", "{DC818AB5-D9A9-4B9B-9443-90C304C01BEC}"
EndProject
Project("{9A19103F-16F7-4668-BE54-9A1E7A4F7556}") = "AdventOfCode.Day1", "src\AdventCodeDay1\AdventOfCode.Day1.csproj", "{4E3E5237-736C-4841-9288-A35403F7D24D}"
EndProject
Project("{9A19103F-16F7-4668-BE54-9A1E7A4F7556}") = "AdventOfCode.Tests", "tests\AdventOfCode.Tests\AdventOfCode.Tests.csproj", "{E781CCB1-6763-4566-93B4-B099F056B8C3}"
EndProject
Project("{FAE04EC0-301F-11D3-BF4B-00C04F79EFBC}") = "AdventOfCode.Day2", "src\AdventOfCode.Day2\AdventOfCode.Day2.csproj", "{F5161E54-7871-4ADD-9B90-8116311F1E96}"
EndProject
Project("{FAE04EC0-301F-11D3-BF4B-00C04F79EFBC}") = "AdventOfCode.Data.Provider", "src\AdventOfCode.Data.Provider\AdventOfCode.Data.Provider.csproj", "{0E80D78A-42B6-4A1B-9885-0F14901F2163}"
EndProject
Project("{FAE04EC0-301F-11D3-BF4B-00C04F79EFBC}") = "AdventOfCode.Day3", "src\AdventOfCode.Day3\AdventOfCode.Day3.csproj", "{6731B797-68CB-410B-AEB4-62298A8F1DE7}"
EndProject
Global
	GlobalSection(SolutionConfigurationPlatforms) = preSolution
		Debug|Any CPU = Debug|Any CPU
		Release|Any CPU = Release|Any CPU
	EndGlobalSection
	GlobalSection(ProjectConfigurationPlatforms) = postSolution
		{DC818AB5-D9A9-4B9B-9443-90C304C01BEC}.Debug|Any CPU.ActiveCfg = Debug|Any CPU
		{DC818AB5-D9A9-4B9B-9443-90C304C01BEC}.Debug|Any CPU.Build.0 = Debug|Any CPU
		{DC818AB5-D9A9-4B9B-9443-90C304C01BEC}.Release|Any CPU.ActiveCfg = Release|Any CPU
		{DC818AB5-D9A9-4B9B-9443-90C304C01BEC}.Release|Any CPU.Build.0 = Release|Any CPU
		{4E3E5237-736C-4841-9288-A35403F7D24D}.Debug|Any CPU.ActiveCfg = Debug|Any CPU
		{4E3E5237-736C-4841-9288-A35403F7D24D}.Debug|Any CPU.Build.0 = Debug|Any CPU
		{4E3E5237-736C-4841-9288-A35403F7D24D}.Release|Any CPU.ActiveCfg = Release|Any CPU
		{4E3E5237-736C-4841-9288-A35403F7D24D}.Release|Any CPU.Build.0 = Release|Any CPU
		{E781CCB1-6763-4566-93B4-B099F056B8C3}.Debug|Any CPU.ActiveCfg = Debug|Any CPU
		{E781CCB1-6763-4566-93B4-B099F056B8C3}.Debug|Any CPU.Build.0 = Debug|Any CPU
		{E781CCB1-6763-4566-93B4-B099F056B8C3}.Release|Any CPU.ActiveCfg = Release|Any CPU
		{E781CCB1-6763-4566-93B4-B099F056B8C3}.Release|Any CPU.Build.0 = Release|Any CPU
		{F5161E54-7871-4ADD-9B90-8116311F1E96}.Debug|Any CPU.ActiveCfg = Debug|Any CPU
		{F5161E54-7871-4ADD-9B90-8116311F1E96}.Debug|Any CPU.Build.0 = Debug|Any CPU
		{F5161E54-7871-4ADD-9B90-8116311F1E96}.Release|Any CPU.ActiveCfg = Release|Any CPU
		{F5161E54-7871-4ADD-9B90-8116311F1E96}.Release|Any CPU.Build.0 = Release|Any CPU
		{0E80D78A-42B6-4A1B-9885-0F14901F2163}.Debug|Any CPU.ActiveCfg = Debug|Any CPU
		{0E80D78A-42B6-4A1B-9885-0F14901F2163}.Debug|Any CPU.Build.0 = Debug|Any CPU
		{0E80D78A-42B6-4A1B-9885-0F14901F2163}.Release|Any CPU.ActiveCfg = Release|Any CPU
		{0E80D78A-42B6-4A1B-9885-0F14901F2163}.Release|Any CPU.Build.0 = Release|Any CPU
		{6731B797-68CB-410B-AEB4-62298A8F1DE7}.Debug|Any CPU.ActiveCfg = Debug|Any CPU
		{6731B797-68CB-410B-AEB4-62298A8F1DE7}.Debug|Any CPU.Build.0 = Debug|Any CPU
		{6731B797-68CB-410B-AEB4-62298A8F1DE7}.Release|Any CPU.ActiveCfg = Release|Any CPU
		{6731B797-68CB-410B-AEB4-62298A8F1DE7}.Release|Any CPU.Build.0 = Release|Any CPU
	EndGlobalSection
	GlobalSection(SolutionProperties) = preSolution
		HideSolutionNode = FALSE
	EndGlobalSection
	GlobalSection(ExtensibilityGlobals) = postSolution
		SolutionGuid = {D2DC7E1C-60D0-44AA-9915-12CE153E58A7}
	EndGlobalSection
EndGlobal
